{
  "name": "polar-bear",
  "version": "1.0.0",
  "lockfileVersion": 1,
  "requires": true,
  "dependencies": {
    "vant-weapp": {
      "version": "0.2.0",
      "resolved": "https://registry.npmjs.org/vant-weapp/-/vant-weapp-0.2.0.tgz",
      "integrity": "sha512-eBrvOot18i4cQYUXMQjdODHDUKq96I7Ye9fcj3gc4teFPf7hB+89lf6pyx8qEy0Ku3eBT6R0gGuae9a4b1GnCQ=="
    }
  }
}
